
Microsoft Visual Studio Solution File, Format Version 12.00
# Visual Studio Version 17
VisualStudioVersion = 17.14.36203.30 d17.14
MinimumVisualStudioVersion = 10.0.40219.1
Project("{FAE04EC0-301F-11D3-BF4B-00C04F79EFBC}") = "AvaloniaUIRealWorld", "AvaloniaUIRealWorld\AvaloniaUIRealWorld.csproj", "{7593BF57-F93F-415F-803E-4BECD70DB340}"
EndProject
Project("{FAE04EC0-301F-11D3-BF4B-00C04F79EFBC}") = "AvaloniaUIRealWorld.Desktop", "AvaloniaUIRealWorld.Desktop\AvaloniaUIRealWorld.Desktop.csproj", "{218AB983-ED58-450B-96B5-A0ED8A05A282}"
EndProject
Project("{FAE04EC0-301F-11D3-BF4B-00C04F79EFBC}") = "AvaloniaUIRealWorld.Browser", "AvaloniaUIRealWorld.Browser\AvaloniaUIRealWorld.Browser.csproj", "{6A5E5FE2-53F7-4ACF-BFD4-D24387237465}"
EndProject
Global
	GlobalSection(SolutionConfigurationPlatforms) = preSolution
		Debug|Any CPU = Debug|Any CPU
		Release|Any CPU = Release|Any CPU
	EndGlobalSection
	GlobalSection(ProjectConfigurationPlatforms) = postSolution
		{7593BF57-F93F-415F-803E-4BECD70DB340}.Debug|Any CPU.ActiveCfg = Debug|Any CPU
		{7593BF57-F93F-415F-803E-4BECD70DB340}.Debug|Any CPU.Build.0 = Debug|Any CPU
		{7593BF57-F93F-415F-803E-4BECD70DB340}.Release|Any CPU.ActiveCfg = Release|Any CPU
		{7593BF57-F93F-415F-803E-4BECD70DB340}.Release|Any CPU.Build.0 = Release|Any CPU
		{218AB983-ED58-450B-96B5-A0ED8A05A282}.Debug|Any CPU.ActiveCfg = Debug|Any CPU
		{218AB983-ED58-450B-96B5-A0ED8A05A282}.Debug|Any CPU.Build.0 = Debug|Any CPU
		{218AB983-ED58-450B-96B5-A0ED8A05A282}.Release|Any CPU.ActiveCfg = Release|Any CPU
		{218AB983-ED58-450B-96B5-A0ED8A05A282}.Release|Any CPU.Build.0 = Release|Any CPU
		{6A5E5FE2-53F7-4ACF-BFD4-D24387237465}.Debug|Any CPU.ActiveCfg = Debug|Any CPU
		{6A5E5FE2-53F7-4ACF-BFD4-D24387237465}.Debug|Any CPU.Build.0 = Debug|Any CPU
		{6A5E5FE2-53F7-4ACF-BFD4-D24387237465}.Release|Any CPU.ActiveCfg = Release|Any CPU
		{6A5E5FE2-53F7-4ACF-BFD4-D24387237465}.Release|Any CPU.Build.0 = Release|Any CPU
	EndGlobalSection
	GlobalSection(SolutionProperties) = preSolution
		HideSolutionNode = FALSE
	EndGlobalSection
	GlobalSection(ExtensibilityGlobals) = postSolution
		SolutionGuid = {D6392F3E-E6B9-4740-82E2-74FAB16396CC}
	EndGlobalSection
EndGlobal
